// !$*UTF8*$!
{
	archiveVersion = 1;
	classes = {
	};
	objectVersion = 56;
	objects = {

/* Begin PBXBuildFile section */
		0C535C2B2977AB7300E20BD9 /* Top10View.swift in Sources */ = {isa = PBXBuildFile; fileRef = 0C535C2A2977AB7300E20BD9 /* Top10View.swift */; };
		0C535C2D2977B68600E20BD9 /* EditorView.swift in Sources */ = {isa = PBXBuildFile; fileRef = 0C535C2C2977B68600E20BD9 /* EditorView.swift */; };
		0C535C2F2977B90700E20BD9 /* MagazineBestView.swift in Sources */ = {isa = PBXBuildFile; fileRef = 0C535C2E2977B90700E20BD9 /* MagazineBestView.swift */; };
		5265C1181BDD56B8E8B1F897 /* Pods_Grain.framework in Frameworks */ = {isa = PBXBuildFile; fileRef = D1BE8DB7A02A9F4938D7CE04 /* Pods_Grain.framework */; };
		9958AF73297778D800A51DA9 /* GrainApp.swift in Sources */ = {isa = PBXBuildFile; fileRef = 9958AF72297778D800A51DA9 /* GrainApp.swift */; };
		9958AF75297778D800A51DA9 /* ContentView.swift in Sources */ = {isa = PBXBuildFile; fileRef = 9958AF74297778D800A51DA9 /* ContentView.swift */; };
		9958AF77297778D900A51DA9 /* Assets.xcassets in Resources */ = {isa = PBXBuildFile; fileRef = 9958AF76297778D900A51DA9 /* Assets.xcassets */; };
		9958AF7A297778D900A51DA9 /* Preview Assets.xcassets in Resources */ = {isa = PBXBuildFile; fileRef = 9958AF79297778D900A51DA9 /* Preview Assets.xcassets */; };
		9958AF8B297779C200A51DA9 /* Authentication.swift in Sources */ = {isa = PBXBuildFile; fileRef = 9958AF8A297779C200A51DA9 /* Authentication.swift */; };
		9958AF8D297779D700A51DA9 /* User.swift in Sources */ = {isa = PBXBuildFile; fileRef = 9958AF8C297779D700A51DA9 /* User.swift */; };
		9958AF8F29777D3F00A51DA9 /* Magazine.swift in Sources */ = {isa = PBXBuildFile; fileRef = 9958AF8E29777D3F00A51DA9 /* Magazine.swift */; };
		9958AF9129777D5A00A51DA9 /* Place.swift in Sources */ = {isa = PBXBuildFile; fileRef = 9958AF9029777D5A00A51DA9 /* Place.swift */; };
		9958AF9329777D7700A51DA9 /* Community.swift in Sources */ = {isa = PBXBuildFile; fileRef = 9958AF9229777D7700A51DA9 /* Community.swift */; };
		9958AF9529777DE900A51DA9 /* Comment.swift in Sources */ = {isa = PBXBuildFile; fileRef = 9958AF9429777DE900A51DA9 /* Comment.swift */; };
		9958AF9729777DF700A51DA9 /* ReComment.swift in Sources */ = {isa = PBXBuildFile; fileRef = 9958AF9629777DF700A51DA9 /* ReComment.swift */; };
		9958AF9929777E4D00A51DA9 /* AuthenticationStore.swift in Sources */ = {isa = PBXBuildFile; fileRef = 9958AF9829777E4D00A51DA9 /* AuthenticationStore.swift */; };
		9958AF9B29777E5B00A51DA9 /* UserStore.swift in Sources */ = {isa = PBXBuildFile; fileRef = 9958AF9A29777E5B00A51DA9 /* UserStore.swift */; };
		9958AF9D29777F3A00A51DA9 /* MagazineStore.swift in Sources */ = {isa = PBXBuildFile; fileRef = 9958AF9C29777F3A00A51DA9 /* MagazineStore.swift */; };
		9958AF9F29777F5100A51DA9 /* PlaceStore.swift in Sources */ = {isa = PBXBuildFile; fileRef = 9958AF9E29777F5100A51DA9 /* PlaceStore.swift */; };
		9958AFA129777F8100A51DA9 /* CommunityStore.swift in Sources */ = {isa = PBXBuildFile; fileRef = 9958AFA029777F8100A51DA9 /* CommunityStore.swift */; };
		9958AFA329777F9C00A51DA9 /* CommentStore.swift in Sources */ = {isa = PBXBuildFile; fileRef = 9958AFA229777F9C00A51DA9 /* CommentStore.swift */; };
		9958AFA529777FAF00A51DA9 /* ReCommentStore.swift in Sources */ = {isa = PBXBuildFile; fileRef = 9958AFA429777FAF00A51DA9 /* ReCommentStore.swift */; };
		9958AFA82977804700A51DA9 /* BtnModifier.swift in Sources */ = {isa = PBXBuildFile; fileRef = 9958AFA72977804700A51DA9 /* BtnModifier.swift */; };
		9958AFAA2977809E00A51DA9 /* TextFieldModifier.swift in Sources */ = {isa = PBXBuildFile; fileRef = 9958AFA92977809E00A51DA9 /* TextFieldModifier.swift */; };
		9958AFAC297780F100A51DA9 /* Ex+String.swift in Sources */ = {isa = PBXBuildFile; fileRef = 9958AFAB297780F100A51DA9 /* Ex+String.swift */; };
		9958AFAE2977811300A51DA9 /* Ex+Date.swift in Sources */ = {isa = PBXBuildFile; fileRef = 9958AFAD2977811300A51DA9 /* Ex+Date.swift */; };
		9958AFB02977817C00A51DA9 /* Ex+Color.swift in Sources */ = {isa = PBXBuildFile; fileRef = 9958AFAF2977817C00A51DA9 /* Ex+Color.swift */; };
		9958AFB2297781F400A51DA9 /* Constants.swift in Sources */ = {isa = PBXBuildFile; fileRef = 9958AFB1297781F400A51DA9 /* Constants.swift */; };
		A7442A9C2977ACCF0009A82F /* GoogleService-Info.plist in Resources */ = {isa = PBXBuildFile; fileRef = A7442A9B2977ACCF0009A82F /* GoogleService-Info.plist */; };
/* End PBXBuildFile section */

/* Begin PBXFileReference section */
		067EFC70AEB61514D2E02FD7 /* Pods-Grain.debug.xcconfig */ = {isa = PBXFileReference; includeInIndex = 1; lastKnownFileType = text.xcconfig; name = "Pods-Grain.debug.xcconfig"; path = "Target Support Files/Pods-Grain/Pods-Grain.debug.xcconfig"; sourceTree = "<group>"; };
		0C535C2A2977AB7300E20BD9 /* Top10View.swift */ = {isa = PBXFileReference; lastKnownFileType = sourcecode.swift; path = Top10View.swift; sourceTree = "<group>"; };
		0C535C2C2977B68600E20BD9 /* EditorView.swift */ = {isa = PBXFileReference; lastKnownFileType = sourcecode.swift; path = EditorView.swift; sourceTree = "<group>"; };
		0C535C2E2977B90700E20BD9 /* MagazineBestView.swift */ = {isa = PBXFileReference; lastKnownFileType = sourcecode.swift; path = MagazineBestView.swift; sourceTree = "<group>"; };
		9958AF6F297778D800A51DA9 /* Grain.app */ = {isa = PBXFileReference; explicitFileType = wrapper.application; includeInIndex = 0; path = Grain.app; sourceTree = BUILT_PRODUCTS_DIR; };
		9958AF72297778D800A51DA9 /* GrainApp.swift */ = {isa = PBXFileReference; lastKnownFileType = sourcecode.swift; path = GrainApp.swift; sourceTree = "<group>"; };
		9958AF74297778D800A51DA9 /* ContentView.swift */ = {isa = PBXFileReference; lastKnownFileType = sourcecode.swift; path = ContentView.swift; sourceTree = "<group>"; };
		9958AF76297778D900A51DA9 /* Assets.xcassets */ = {isa = PBXFileReference; lastKnownFileType = folder.assetcatalog; path = Assets.xcassets; sourceTree = "<group>"; };
		9958AF79297778D900A51DA9 /* Preview Assets.xcassets */ = {isa = PBXFileReference; lastKnownFileType = folder.assetcatalog; path = "Preview Assets.xcassets"; sourceTree = "<group>"; };
		9958AF8A297779C200A51DA9 /* Authentication.swift */ = {isa = PBXFileReference; lastKnownFileType = sourcecode.swift; path = Authentication.swift; sourceTree = "<group>"; };
		9958AF8C297779D700A51DA9 /* User.swift */ = {isa = PBXFileReference; lastKnownFileType = sourcecode.swift; path = User.swift; sourceTree = "<group>"; };
		9958AF8E29777D3F00A51DA9 /* Magazine.swift */ = {isa = PBXFileReference; lastKnownFileType = sourcecode.swift; path = Magazine.swift; sourceTree = "<group>"; };
		9958AF9029777D5A00A51DA9 /* Place.swift */ = {isa = PBXFileReference; lastKnownFileType = sourcecode.swift; path = Place.swift; sourceTree = "<group>"; };
		9958AF9229777D7700A51DA9 /* Community.swift */ = {isa = PBXFileReference; lastKnownFileType = sourcecode.swift; path = Community.swift; sourceTree = "<group>"; };
		9958AF9429777DE900A51DA9 /* Comment.swift */ = {isa = PBXFileReference; lastKnownFileType = sourcecode.swift; path = Comment.swift; sourceTree = "<group>"; };
		9958AF9629777DF700A51DA9 /* ReComment.swift */ = {isa = PBXFileReference; lastKnownFileType = sourcecode.swift; path = ReComment.swift; sourceTree = "<group>"; };
		9958AF9829777E4D00A51DA9 /* AuthenticationStore.swift */ = {isa = PBXFileReference; lastKnownFileType = sourcecode.swift; path = AuthenticationStore.swift; sourceTree = "<group>"; };
		9958AF9A29777E5B00A51DA9 /* UserStore.swift */ = {isa = PBXFileReference; lastKnownFileType = sourcecode.swift; path = UserStore.swift; sourceTree = "<group>"; };
		9958AF9C29777F3A00A51DA9 /* MagazineStore.swift */ = {isa = PBXFileReference; lastKnownFileType = sourcecode.swift; path = MagazineStore.swift; sourceTree = "<group>"; };
		9958AF9E29777F5100A51DA9 /* PlaceStore.swift */ = {isa = PBXFileReference; lastKnownFileType = sourcecode.swift; path = PlaceStore.swift; sourceTree = "<group>"; };
		9958AFA029777F8100A51DA9 /* CommunityStore.swift */ = {isa = PBXFileReference; lastKnownFileType = sourcecode.swift; path = CommunityStore.swift; sourceTree = "<group>"; };
		9958AFA229777F9C00A51DA9 /* CommentStore.swift */ = {isa = PBXFileReference; lastKnownFileType = sourcecode.swift; path = CommentStore.swift; sourceTree = "<group>"; };
		9958AFA429777FAF00A51DA9 /* ReCommentStore.swift */ = {isa = PBXFileReference; lastKnownFileType = sourcecode.swift; path = ReCommentStore.swift; sourceTree = "<group>"; };
		9958AFA72977804700A51DA9 /* BtnModifier.swift */ = {isa = PBXFileReference; lastKnownFileType = sourcecode.swift; path = BtnModifier.swift; sourceTree = "<group>"; };
		9958AFA92977809E00A51DA9 /* TextFieldModifier.swift */ = {isa = PBXFileReference; lastKnownFileType = sourcecode.swift; path = TextFieldModifier.swift; sourceTree = "<group>"; };
		9958AFAB297780F100A51DA9 /* Ex+String.swift */ = {isa = PBXFileReference; lastKnownFileType = sourcecode.swift; path = "Ex+String.swift"; sourceTree = "<group>"; };
		9958AFAD2977811300A51DA9 /* Ex+Date.swift */ = {isa = PBXFileReference; lastKnownFileType = sourcecode.swift; path = "Ex+Date.swift"; sourceTree = "<group>"; };
		9958AFAF2977817C00A51DA9 /* Ex+Color.swift */ = {isa = PBXFileReference; lastKnownFileType = sourcecode.swift; path = "Ex+Color.swift"; sourceTree = "<group>"; };
		9958AFB1297781F400A51DA9 /* Constants.swift */ = {isa = PBXFileReference; lastKnownFileType = sourcecode.swift; path = Constants.swift; sourceTree = "<group>"; };
		A7442A9B2977ACCF0009A82F /* GoogleService-Info.plist */ = {isa = PBXFileReference; fileEncoding = 4; lastKnownFileType = text.plist.xml; path = "GoogleService-Info.plist"; sourceTree = "<group>"; };
		B32AC91721F3F99CCDA6BEDD /* Pods-Grain.release.xcconfig */ = {isa = PBXFileReference; includeInIndex = 1; lastKnownFileType = text.xcconfig; name = "Pods-Grain.release.xcconfig"; path = "Target Support Files/Pods-Grain/Pods-Grain.release.xcconfig"; sourceTree = "<group>"; };
		D1BE8DB7A02A9F4938D7CE04 /* Pods_Grain.framework */ = {isa = PBXFileReference; explicitFileType = wrapper.framework; includeInIndex = 0; path = Pods_Grain.framework; sourceTree = BUILT_PRODUCTS_DIR; };
/* End PBXFileReference section */

/* Begin PBXFrameworksBuildPhase section */
		9958AF6C297778D800A51DA9 /* Frameworks */ = {
			isa = PBXFrameworksBuildPhase;
			buildActionMask = 2147483647;
			files = (
				5265C1181BDD56B8E8B1F897 /* Pods_Grain.framework in Frameworks */,
			);
			runOnlyForDeploymentPostprocessing = 0;
		};
/* End PBXFrameworksBuildPhase section */

/* Begin PBXGroup section */
		0B3B0B65CE949ADD062FD807 /* Pods */ = {
			isa = PBXGroup;
			children = (
				067EFC70AEB61514D2E02FD7 /* Pods-Grain.debug.xcconfig */,
				B32AC91721F3F99CCDA6BEDD /* Pods-Grain.release.xcconfig */,
			);
			path = Pods;
			sourceTree = "<group>";
		};
		0C535C292977A91600E20BD9 /* Magazine */ = {
			isa = PBXGroup;
			children = (
				0C535C2A2977AB7300E20BD9 /* Top10View.swift */,
				0C535C2C2977B68600E20BD9 /* EditorView.swift */,
				0C535C2E2977B90700E20BD9 /* MagazineBestView.swift */,
			);
			path = Magazine;
			sourceTree = "<group>";
		};
		33FBFCE5803AD110CB6FC1B1 /* Frameworks */ = {
			isa = PBXGroup;
			children = (
				D1BE8DB7A02A9F4938D7CE04 /* Pods_Grain.framework */,
			);
			name = Frameworks;
			sourceTree = "<group>";
		};
		9958AF66297778D800A51DA9 = {
			isa = PBXGroup;
			children = (
				9958AF71297778D800A51DA9 /* Grain */,
				9958AF70297778D800A51DA9 /* Products */,
				0B3B0B65CE949ADD062FD807 /* Pods */,
				33FBFCE5803AD110CB6FC1B1 /* Frameworks */,
			);
			sourceTree = "<group>";
		};
		9958AF70297778D800A51DA9 /* Products */ = {
			isa = PBXGroup;
			children = (
				9958AF6F297778D800A51DA9 /* Grain.app */,
			);
			name = Products;
			sourceTree = "<group>";
		};
		9958AF71297778D800A51DA9 /* Grain */ = {
			isa = PBXGroup;
			children = (
				9958AF72297778D800A51DA9 /* GrainApp.swift */,
				A7442A9B2977ACCF0009A82F /* GoogleService-Info.plist */,
				9958AF812977793700A51DA9 /* Configuration */,
				9958AF80297778FD00A51DA9 /* Sources */,
				9958AF76297778D900A51DA9 /* Assets.xcassets */,
				9958AF78297778D900A51DA9 /* Preview Content */,
			);
			path = Grain;
			sourceTree = "<group>";
		};
		9958AF78297778D900A51DA9 /* Preview Content */ = {
			isa = PBXGroup;
			children = (
				9958AF79297778D900A51DA9 /* Preview Assets.xcassets */,
			);
			path = "Preview Content";
			sourceTree = "<group>";
		};
		9958AF80297778FD00A51DA9 /* Sources */ = {
			isa = PBXGroup;
			children = (
				9958AF872977798900A51DA9 /* Views */,
				9958AF862977798000A51DA9 /* Stores */,
				9958AF852977797600A51DA9 /* Models */,
			);
			path = Sources;
			sourceTree = "<group>";
		};
		9958AF812977793700A51DA9 /* Configuration */ = {
			isa = PBXGroup;
			children = (
				9958AF842977796000A51DA9 /* Modifiers */,
				9958AF832977795300A51DA9 /* Extensions */,
				9958AF822977794800A51DA9 /* Constants */,
			);
			path = Configuration;
			sourceTree = "<group>";
		};
		9958AF822977794800A51DA9 /* Constants */ = {
			isa = PBXGroup;
			children = (
				9958AFB1297781F400A51DA9 /* Constants.swift */,
			);
			path = Constants;
			sourceTree = "<group>";
		};
		9958AF832977795300A51DA9 /* Extensions */ = {
			isa = PBXGroup;
			children = (
				9958AFAB297780F100A51DA9 /* Ex+String.swift */,
				9958AFAD2977811300A51DA9 /* Ex+Date.swift */,
				9958AFAF2977817C00A51DA9 /* Ex+Color.swift */,
			);
			path = Extensions;
			sourceTree = "<group>";
		};
		9958AF842977796000A51DA9 /* Modifiers */ = {
			isa = PBXGroup;
			children = (
				9958AFA72977804700A51DA9 /* BtnModifier.swift */,
				9958AFA92977809E00A51DA9 /* TextFieldModifier.swift */,
			);
			path = Modifiers;
			sourceTree = "<group>";
		};
		9958AF852977797600A51DA9 /* Models */ = {
			isa = PBXGroup;
			children = (
				9958AF8A297779C200A51DA9 /* Authentication.swift */,
				9958AF8C297779D700A51DA9 /* User.swift */,
				9958AF8E29777D3F00A51DA9 /* Magazine.swift */,
				9958AF9029777D5A00A51DA9 /* Place.swift */,
				9958AF9229777D7700A51DA9 /* Community.swift */,
				9958AF9429777DE900A51DA9 /* Comment.swift */,
				9958AF9629777DF700A51DA9 /* ReComment.swift */,
			);
			path = Models;
			sourceTree = "<group>";
		};
		9958AF862977798000A51DA9 /* Stores */ = {
			isa = PBXGroup;
			children = (
				9958AF9829777E4D00A51DA9 /* AuthenticationStore.swift */,
				9958AF9A29777E5B00A51DA9 /* UserStore.swift */,
				9958AF9C29777F3A00A51DA9 /* MagazineStore.swift */,
				9958AF9E29777F5100A51DA9 /* PlaceStore.swift */,
				9958AFA029777F8100A51DA9 /* CommunityStore.swift */,
				9958AFA229777F9C00A51DA9 /* CommentStore.swift */,
				9958AFA429777FAF00A51DA9 /* ReCommentStore.swift */,
			);
			path = Stores;
			sourceTree = "<group>";
		};
		9958AF872977798900A51DA9 /* Views */ = {
			isa = PBXGroup;
			children = (
				9958AF74297778D800A51DA9 /* ContentView.swift */,
				0C535C292977A91600E20BD9 /* Magazine */,
			);
			path = Views;
			sourceTree = "<group>";
		};
/* End PBXGroup section */

/* Begin PBXNativeTarget section */
		9958AF6E297778D800A51DA9 /* Grain */ = {
			isa = PBXNativeTarget;
			buildConfigurationList = 9958AF7D297778D900A51DA9 /* Build configuration list for PBXNativeTarget "Grain" */;
			buildPhases = (
				AC06F85C45BC712B9A289EFC /* [CP] Check Pods Manifest.lock */,
				9958AF6B297778D800A51DA9 /* Sources */,
				9958AF6C297778D800A51DA9 /* Frameworks */,
				9958AF6D297778D800A51DA9 /* Resources */,
				F746787B63AD8B4342B41BB6 /* [CP] Embed Pods Frameworks */,
			);
			buildRules = (
			);
			dependencies = (
			);
			name = Grain;
			productName = Grain;
			productReference = 9958AF6F297778D800A51DA9 /* Grain.app */;
			productType = "com.apple.product-type.application";
		};
/* End PBXNativeTarget section */

/* Begin PBXProject section */
		9958AF67297778D800A51DA9 /* Project object */ = {
			isa = PBXProject;
			attributes = {
				BuildIndependentTargetsInParallel = 1;
				LastSwiftUpdateCheck = 1420;
				LastUpgradeCheck = 1420;
				TargetAttributes = {
					9958AF6E297778D800A51DA9 = {
						CreatedOnToolsVersion = 14.2;
					};
				};
			};
			buildConfigurationList = 9958AF6A297778D800A51DA9 /* Build configuration list for PBXProject "Grain" */;
			compatibilityVersion = "Xcode 14.0";
			developmentRegion = en;
			hasScannedForEncodings = 0;
			knownRegions = (
				en,
				Base,
			);
			mainGroup = 9958AF66297778D800A51DA9;
			productRefGroup = 9958AF70297778D800A51DA9 /* Products */;
			projectDirPath = "";
			projectRoot = "";
			targets = (
				9958AF6E297778D800A51DA9 /* Grain */,
			);
		};
/* End PBXProject section */

/* Begin PBXResourcesBuildPhase section */
		9958AF6D297778D800A51DA9 /* Resources */ = {
			isa = PBXResourcesBuildPhase;
			buildActionMask = 2147483647;
			files = (
				9958AF7A297778D900A51DA9 /* Preview Assets.xcassets in Resources */,
				9958AF77297778D900A51DA9 /* Assets.xcassets in Resources */,
				A7442A9C2977ACCF0009A82F /* GoogleService-Info.plist in Resources */,
			);
			runOnlyForDeploymentPostprocessing = 0;
		};
/* End PBXResourcesBuildPhase section */

/* Begin PBXShellScriptBuildPhase section */
		AC06F85C45BC712B9A289EFC /* [CP] Check Pods Manifest.lock */ = {
			isa = PBXShellScriptBuildPhase;
			buildActionMask = 2147483647;
			files = (
			);
			inputFileListPaths = (
			);
			inputPaths = (
				"${PODS_PODFILE_DIR_PATH}/Podfile.lock",
				"${PODS_ROOT}/Manifest.lock",
			);
			name = "[CP] Check Pods Manifest.lock";
			outputFileListPaths = (
			);
			outputPaths = (
				"$(DERIVED_FILE_DIR)/Pods-Grain-checkManifestLockResult.txt",
			);
			runOnlyForDeploymentPostprocessing = 0;
			shellPath = /bin/sh;
			shellScript = "diff \"${PODS_PODFILE_DIR_PATH}/Podfile.lock\" \"${PODS_ROOT}/Manifest.lock\" > /dev/null\nif [ $? != 0 ] ; then\n    # print error to STDERR\n    echo \"error: The sandbox is not in sync with the Podfile.lock. Run 'pod install' or update your CocoaPods installation.\" >&2\n    exit 1\nfi\n# This output is used by Xcode 'outputs' to avoid re-running this script phase.\necho \"SUCCESS\" > \"${SCRIPT_OUTPUT_FILE_0}\"\n";
			showEnvVarsInLog = 0;
		};
		F746787B63AD8B4342B41BB6 /* [CP] Embed Pods Frameworks */ = {
			isa = PBXShellScriptBuildPhase;
			buildActionMask = 2147483647;
			files = (
			);
			inputFileListPaths = (
				"${PODS_ROOT}/Target Support Files/Pods-Grain/Pods-Grain-frameworks-${CONFIGURATION}-input-files.xcfilelist",
			);
			name = "[CP] Embed Pods Frameworks";
			outputFileListPaths = (
				"${PODS_ROOT}/Target Support Files/Pods-Grain/Pods-Grain-frameworks-${CONFIGURATION}-output-files.xcfilelist",
			);
			runOnlyForDeploymentPostprocessing = 0;
			shellPath = /bin/sh;
			shellScript = "\"${PODS_ROOT}/Target Support Files/Pods-Grain/Pods-Grain-frameworks.sh\"\n";
			showEnvVarsInLog = 0;
		};
/* End PBXShellScriptBuildPhase section */

/* Begin PBXSourcesBuildPhase section */
		9958AF6B297778D800A51DA9 /* Sources */ = {
			isa = PBXSourcesBuildPhase;
			buildActionMask = 2147483647;
			files = (
				9958AF9F29777F5100A51DA9 /* PlaceStore.swift in Sources */,
				9958AFB2297781F400A51DA9 /* Constants.swift in Sources */,
				9958AF8D297779D700A51DA9 /* User.swift in Sources */,
				9958AFAE2977811300A51DA9 /* Ex+Date.swift in Sources */,
				9958AF9B29777E5B00A51DA9 /* UserStore.swift in Sources */,
				9958AFAC297780F100A51DA9 /* Ex+String.swift in Sources */,
				9958AFA329777F9C00A51DA9 /* CommentStore.swift in Sources */,
				9958AF8F29777D3F00A51DA9 /* Magazine.swift in Sources */,
				9958AF9D29777F3A00A51DA9 /* MagazineStore.swift in Sources */,
				9958AFAA2977809E00A51DA9 /* TextFieldModifier.swift in Sources */,
				9958AFA529777FAF00A51DA9 /* ReCommentStore.swift in Sources */,
				9958AFB02977817C00A51DA9 /* Ex+Color.swift in Sources */,
				9958AF8B297779C200A51DA9 /* Authentication.swift in Sources */,
				9958AF9529777DE900A51DA9 /* Comment.swift in Sources */,
				9958AF9129777D5A00A51DA9 /* Place.swift in Sources */,
				9958AF9929777E4D00A51DA9 /* AuthenticationStore.swift in Sources */,
				9958AF75297778D800A51DA9 /* ContentView.swift in Sources */,
				9958AF9329777D7700A51DA9 /* Community.swift in Sources */,
				9958AFA129777F8100A51DA9 /* CommunityStore.swift in Sources */,
				9958AFA82977804700A51DA9 /* BtnModifier.swift in Sources */,
				0C535C2B2977AB7300E20BD9 /* Top10View.swift in Sources */,
				0C535C2D2977B68600E20BD9 /* EditorView.swift in Sources */,
				9958AF73297778D800A51DA9 /* GrainApp.swift in Sources */,
				9958AF9729777DF700A51DA9 /* ReComment.swift in Sources */,
				0C535C2F2977B90700E20BD9 /* MagazineBestView.swift in Sources */,
			);
			runOnlyForDeploymentPostprocessing = 0;
		};
/* End PBXSourcesBuildPhase section */

/* Begin XCBuildConfiguration section */
		9958AF7B297778D900A51DA9 /* Debug */ = {
			isa = XCBuildConfiguration;
			buildSettings = {
				ALWAYS_SEARCH_USER_PATHS = NO;
				CLANG_ANALYZER_NONNULL = YES;
				CLANG_ANALYZER_NUMBER_OBJECT_CONVERSION = YES_AGGRESSIVE;
				CLANG_CXX_LANGUAGE_STANDARD = "gnu++20";
				CLANG_ENABLE_MODULES = YES;
				CLANG_ENABLE_OBJC_ARC = YES;
				CLANG_ENABLE_OBJC_WEAK = YES;
				CLANG_WARN_BLOCK_CAPTURE_AUTORELEASING = YES;
				CLANG_WARN_BOOL_CONVERSION = YES;
				CLANG_WARN_COMMA = YES;
				CLANG_WARN_CONSTANT_CONVERSION = YES;
				CLANG_WARN_DEPRECATED_OBJC_IMPLEMENTATIONS = YES;
				CLANG_WARN_DIRECT_OBJC_ISA_USAGE = YES_ERROR;
				CLANG_WARN_DOCUMENTATION_COMMENTS = YES;
				CLANG_WARN_EMPTY_BODY = YES;
				CLANG_WARN_ENUM_CONVERSION = YES;
				CLANG_WARN_INFINITE_RECURSION = YES;
				CLANG_WARN_INT_CONVERSION = YES;
				CLANG_WARN_NON_LITERAL_NULL_CONVERSION = YES;
				CLANG_WARN_OBJC_IMPLICIT_RETAIN_SELF = YES;
				CLANG_WARN_OBJC_LITERAL_CONVERSION = YES;
				CLANG_WARN_OBJC_ROOT_CLASS = YES_ERROR;
				CLANG_WARN_QUOTED_INCLUDE_IN_FRAMEWORK_HEADER = YES;
				CLANG_WARN_RANGE_LOOP_ANALYSIS = YES;
				CLANG_WARN_STRICT_PROTOTYPES = YES;
				CLANG_WARN_SUSPICIOUS_MOVE = YES;
				CLANG_WARN_UNGUARDED_AVAILABILITY = YES_AGGRESSIVE;
				CLANG_WARN_UNREACHABLE_CODE = YES;
				CLANG_WARN__DUPLICATE_METHOD_MATCH = YES;
				COPY_PHASE_STRIP = NO;
				DEBUG_INFORMATION_FORMAT = dwarf;
				ENABLE_STRICT_OBJC_MSGSEND = YES;
				ENABLE_TESTABILITY = YES;
				GCC_C_LANGUAGE_STANDARD = gnu11;
				GCC_DYNAMIC_NO_PIC = NO;
				GCC_NO_COMMON_BLOCKS = YES;
				GCC_OPTIMIZATION_LEVEL = 0;
				GCC_PREPROCESSOR_DEFINITIONS = (
					"DEBUG=1",
					"$(inherited)",
				);
				GCC_WARN_64_TO_32_BIT_CONVERSION = YES;
				GCC_WARN_ABOUT_RETURN_TYPE = YES_ERROR;
				GCC_WARN_UNDECLARED_SELECTOR = YES;
				GCC_WARN_UNINITIALIZED_AUTOS = YES_AGGRESSIVE;
				GCC_WARN_UNUSED_FUNCTION = YES;
				GCC_WARN_UNUSED_VARIABLE = YES;
				IPHONEOS_DEPLOYMENT_TARGET = 16.2;
				MTL_ENABLE_DEBUG_INFO = INCLUDE_SOURCE;
				MTL_FAST_MATH = YES;
				ONLY_ACTIVE_ARCH = YES;
				SDKROOT = iphoneos;
				SWIFT_ACTIVE_COMPILATION_CONDITIONS = DEBUG;
				SWIFT_OPTIMIZATION_LEVEL = "-Onone";
			};
			name = Debug;
		};
		9958AF7C297778D900A51DA9 /* Release */ = {
			isa = XCBuildConfiguration;
			buildSettings = {
				ALWAYS_SEARCH_USER_PATHS = NO;
				CLANG_ANALYZER_NONNULL = YES;
				CLANG_ANALYZER_NUMBER_OBJECT_CONVERSION = YES_AGGRESSIVE;
				CLANG_CXX_LANGUAGE_STANDARD = "gnu++20";
				CLANG_ENABLE_MODULES = YES;
				CLANG_ENABLE_OBJC_ARC = YES;
				CLANG_ENABLE_OBJC_WEAK = YES;
				CLANG_WARN_BLOCK_CAPTURE_AUTORELEASING = YES;
				CLANG_WARN_BOOL_CONVERSION = YES;
				CLANG_WARN_COMMA = YES;
				CLANG_WARN_CONSTANT_CONVERSION = YES;
				CLANG_WARN_DEPRECATED_OBJC_IMPLEMENTATIONS = YES;
				CLANG_WARN_DIRECT_OBJC_ISA_USAGE = YES_ERROR;
				CLANG_WARN_DOCUMENTATION_COMMENTS = YES;
				CLANG_WARN_EMPTY_BODY = YES;
				CLANG_WARN_ENUM_CONVERSION = YES;
				CLANG_WARN_INFINITE_RECURSION = YES;
				CLANG_WARN_INT_CONVERSION = YES;
				CLANG_WARN_NON_LITERAL_NULL_CONVERSION = YES;
				CLANG_WARN_OBJC_IMPLICIT_RETAIN_SELF = YES;
				CLANG_WARN_OBJC_LITERAL_CONVERSION = YES;
				CLANG_WARN_OBJC_ROOT_CLASS = YES_ERROR;
				CLANG_WARN_QUOTED_INCLUDE_IN_FRAMEWORK_HEADER = YES;
				CLANG_WARN_RANGE_LOOP_ANALYSIS = YES;
				CLANG_WARN_STRICT_PROTOTYPES = YES;
				CLANG_WARN_SUSPICIOUS_MOVE = YES;
				CLANG_WARN_UNGUARDED_AVAILABILITY = YES_AGGRESSIVE;
				CLANG_WARN_UNREACHABLE_CODE = YES;
				CLANG_WARN__DUPLICATE_METHOD_MATCH = YES;
				COPY_PHASE_STRIP = NO;
				DEBUG_INFORMATION_FORMAT = "dwarf-with-dsym";
				ENABLE_NS_ASSERTIONS = NO;
				ENABLE_STRICT_OBJC_MSGSEND = YES;
				GCC_C_LANGUAGE_STANDARD = gnu11;
				GCC_NO_COMMON_BLOCKS = YES;
				GCC_WARN_64_TO_32_BIT_CONVERSION = YES;
				GCC_WARN_ABOUT_RETURN_TYPE = YES_ERROR;
				GCC_WARN_UNDECLARED_SELECTOR = YES;
				GCC_WARN_UNINITIALIZED_AUTOS = YES_AGGRESSIVE;
				GCC_WARN_UNUSED_FUNCTION = YES;
				GCC_WARN_UNUSED_VARIABLE = YES;
				IPHONEOS_DEPLOYMENT_TARGET = 16.2;
				MTL_ENABLE_DEBUG_INFO = NO;
				MTL_FAST_MATH = YES;
				SDKROOT = iphoneos;
				SWIFT_COMPILATION_MODE = wholemodule;
				SWIFT_OPTIMIZATION_LEVEL = "-O";
				VALIDATE_PRODUCT = YES;
			};
			name = Release;
		};
		9958AF7E297778D900A51DA9 /* Debug */ = {
			isa = XCBuildConfiguration;
			baseConfigurationReference = 067EFC70AEB61514D2E02FD7 /* Pods-Grain.debug.xcconfig */;
			buildSettings = {
				ASSETCATALOG_COMPILER_APPICON_NAME = AppIcon;
				ASSETCATALOG_COMPILER_GLOBAL_ACCENT_COLOR_NAME = AccentColor;
				CODE_SIGN_STYLE = Automatic;
				CURRENT_PROJECT_VERSION = 1;
				DEVELOPMENT_ASSET_PATHS = "\"Grain/Preview Content\"";
				ENABLE_PREVIEWS = YES;
				GENERATE_INFOPLIST_FILE = YES;
				INFOPLIST_KEY_UIApplicationSceneManifest_Generation = YES;
				INFOPLIST_KEY_UIApplicationSupportsIndirectInputEvents = YES;
				INFOPLIST_KEY_UILaunchScreen_Generation = YES;
				INFOPLIST_KEY_UISupportedInterfaceOrientations_iPad = "UIInterfaceOrientationPortrait UIInterfaceOrientationPortraitUpsideDown UIInterfaceOrientationLandscapeLeft UIInterfaceOrientationLandscapeRight";
				INFOPLIST_KEY_UISupportedInterfaceOrientations_iPhone = "UIInterfaceOrientationPortrait UIInterfaceOrientationLandscapeLeft UIInterfaceOrientationLandscapeRight";
				LD_RUNPATH_SEARCH_PATHS = (
					"$(inherited)",
					"@executable_path/Frameworks",
				);
				MARKETING_VERSION = 1.0;
				PRODUCT_BUNDLE_IDENTIFIER = com.pkkyung.Grain;
				PRODUCT_NAME = "$(TARGET_NAME)";
				SWIFT_EMIT_LOC_STRINGS = YES;
				SWIFT_VERSION = 5.0;
				TARGETED_DEVICE_FAMILY = "1,2";
			};
			name = Debug;
		};
		9958AF7F297778D900A51DA9 /* Release */ = {
			isa = XCBuildConfiguration;
			baseConfigurationReference = B32AC91721F3F99CCDA6BEDD /* Pods-Grain.release.xcconfig */;
			buildSettings = {
				ASSETCATALOG_COMPILER_APPICON_NAME = AppIcon;
				ASSETCATALOG_COMPILER_GLOBAL_ACCENT_COLOR_NAME = AccentColor;
				CODE_SIGN_STYLE = Automatic;
				CURRENT_PROJECT_VERSION = 1;
				DEVELOPMENT_ASSET_PATHS = "\"Grain/Preview Content\"";
				ENABLE_PREVIEWS = YES;
				GENERATE_INFOPLIST_FILE = YES;
				INFOPLIST_KEY_UIApplicationSceneManifest_Generation = YES;
				INFOPLIST_KEY_UIApplicationSupportsIndirectInputEvents = YES;
				INFOPLIST_KEY_UILaunchScreen_Generation = YES;
				INFOPLIST_KEY_UISupportedInterfaceOrientations_iPad = "UIInterfaceOrientationPortrait UIInterfaceOrientationPortraitUpsideDown UIInterfaceOrientationLandscapeLeft UIInterfaceOrientationLandscapeRight";
				INFOPLIST_KEY_UISupportedInterfaceOrientations_iPhone = "UIInterfaceOrientationPortrait UIInterfaceOrientationLandscapeLeft UIInterfaceOrientationLandscapeRight";
				LD_RUNPATH_SEARCH_PATHS = (
					"$(inherited)",
					"@executable_path/Frameworks",
				);
				MARKETING_VERSION = 1.0;
				PRODUCT_BUNDLE_IDENTIFIER = com.pkkyung.Grain;
				PRODUCT_NAME = "$(TARGET_NAME)";
				SWIFT_EMIT_LOC_STRINGS = YES;
				SWIFT_VERSION = 5.0;
				TARGETED_DEVICE_FAMILY = "1,2";
			};
			name = Release;
		};
/* End XCBuildConfiguration section */

/* Begin XCConfigurationList section */
		9958AF6A297778D800A51DA9 /* Build configuration list for PBXProject "Grain" */ = {
			isa = XCConfigurationList;
			buildConfigurations = (
				9958AF7B297778D900A51DA9 /* Debug */,
				9958AF7C297778D900A51DA9 /* Release */,
			);
			defaultConfigurationIsVisible = 0;
			defaultConfigurationName = Release;
		};
		9958AF7D297778D900A51DA9 /* Build configuration list for PBXNativeTarget "Grain" */ = {
			isa = XCConfigurationList;
			buildConfigurations = (
				9958AF7E297778D900A51DA9 /* Debug */,
				9958AF7F297778D900A51DA9 /* Release */,
			);
			defaultConfigurationIsVisible = 0;
			defaultConfigurationName = Release;
		};
/* End XCConfigurationList section */
	};
	rootObject = 9958AF67297778D800A51DA9 /* Project object */;
}
